
Microsoft Visual Studio Solution File, Format Version 12.00
# Visual Studio 15
VisualStudioVersion = 15.0.27703.2035
MinimumVisualStudioVersion = 10.0.40219.1
Project("{FAE04EC0-301F-11D3-BF4B-00C04F79EFBC}") = "NotJokerW5", "NotJokerW5\NotJokerW5.csproj", "{DC29007C-9C69-4420-AAA1-6B64607C48EA}"
EndProject
Global
	GlobalSection(SolutionConfigurationPlatforms) = preSolution
		Debug|Any CPU = Debug|Any CPU
		Release|Any CPU = Release|Any CPU
	EndGlobalSection
	GlobalSection(ProjectConfigurationPlatforms) = postSolution
		{DC29007C-9C69-4420-AAA1-6B64607C48EA}.Debug|Any CPU.ActiveCfg = Debug|Any CPU
		{DC29007C-9C69-4420-AAA1-6B64607C48EA}.Debug|Any CPU.Build.0 = Debug|Any CPU
		{DC29007C-9C69-4420-AAA1-6B64607C48EA}.Release|Any CPU.ActiveCfg = Release|Any CPU
		{DC29007C-9C69-4420-AAA1-6B64607C48EA}.Release|Any CPU.Build.0 = Release|Any CPU
	EndGlobalSection
	GlobalSection(SolutionProperties) = preSolution
		HideSolutionNode = FALSE
	EndGlobalSection
	GlobalSection(ExtensibilityGlobals) = postSolution
		SolutionGuid = {BFA3A741-CF5F-4FCB-B6A0-8903CE9980C6}
	EndGlobalSection
EndGlobal
